
Microsoft Visual Studio Solution File, Format Version 12.00
# Visual Studio Version 16
VisualStudioVersion = 16.0.33328.57
MinimumVisualStudioVersion = 10.0.40219.1
Project("{FAE04EC0-301F-11D3-BF4B-00C04F79EFBC}") = "Lab 12 WpfApp СамРабота Шаблоны элементов управления", "Lab 12 WpfApp СамРабота Шаблоны элементов управления.csproj", "{F41DE55D-62DE-4E3B-B08B-B634C5796559}"
EndProject
Global
	GlobalSection(SolutionConfigurationPlatforms) = preSolution
		Debug|Any CPU = Debug|Any CPU
		Release|Any CPU = Release|Any CPU
	EndGlobalSection
	GlobalSection(ProjectConfigurationPlatforms) = postSolution
		{F41DE55D-62DE-4E3B-B08B-B634C5796559}.Debug|Any CPU.ActiveCfg = Debug|Any CPU
		{F41DE55D-62DE-4E3B-B08B-B634C5796559}.Debug|Any CPU.Build.0 = Debug|Any CPU
		{F41DE55D-62DE-4E3B-B08B-B634C5796559}.Release|Any CPU.ActiveCfg = Release|Any CPU
		{F41DE55D-62DE-4E3B-B08B-B634C5796559}.Release|Any CPU.Build.0 = Release|Any CPU
	EndGlobalSection
	GlobalSection(SolutionProperties) = preSolution
		HideSolutionNode = FALSE
	EndGlobalSection
	GlobalSection(ExtensibilityGlobals) = postSolution
		SolutionGuid = {366B279B-698C-4231-B573-B06661AAA44B}
	EndGlobalSection
EndGlobal
